
Microsoft Visual Studio Solution File, Format Version 12.00
# Visual Studio Version 16
VisualStudioVersion = 16.0.29806.167
MinimumVisualStudioVersion = 10.0.40219.1
Project("{FAE04EC0-301F-11D3-BF4B-00C04F79EFBC}") = "WebApi", "WebApi\WebApi.csproj", "{10DEE0E4-6F56-4AD1-9D5C-9F8907CFF100}"
EndProject
Global
	GlobalSection(SolutionConfigurationPlatforms) = preSolution
		Debug|Any CPU = Debug|Any CPU
		Release|Any CPU = Release|Any CPU
	EndGlobalSection
	GlobalSection(ProjectConfigurationPlatforms) = postSolution
		{10DEE0E4-6F56-4AD1-9D5C-9F8907CFF100}.Debug|Any CPU.ActiveCfg = Debug|Any CPU
		{10DEE0E4-6F56-4AD1-9D5C-9F8907CFF100}.Debug|Any CPU.Build.0 = Debug|Any CPU
		{10DEE0E4-6F56-4AD1-9D5C-9F8907CFF100}.Release|Any CPU.ActiveCfg = Release|Any CPU
		{10DEE0E4-6F56-4AD1-9D5C-9F8907CFF100}.Release|Any CPU.Build.0 = Release|Any CPU
	EndGlobalSection
	GlobalSection(SolutionProperties) = preSolution
		HideSolutionNode = FALSE
	EndGlobalSection
	GlobalSection(ExtensibilityGlobals) = postSolution
		SolutionGuid = {915D7120-4D9A-498B-99A6-2A01243CD132}
	EndGlobalSection
EndGlobal
